PODS:
  - Alamofire (5.0.5)
  - AlamofireImage (4.0.3):
    - Alamofire (< 6.0.0, >= 5.0.2)
  - CHTCollectionViewWaterfallLayout (0.9.8):
    - CHTCollectionViewWaterfallLayout/ObjC (= 0.9.8)
  - CHTCollectionViewWaterfallLayout/ObjC (0.9.8)
  - FontAwesome.swift (1.8.3)
  - IQKeyboardManagerSwift (6.5.5)
  - Nimble (8.0.5)
  - Quick (2.2.0)

DEPENDENCIES:
  - AlamofireImage (= 4.0.3)
  - CHTCollectionViewWaterfallLayout (= 0.9.8)
  - FontAwesome.swift (= 1.8.3)
  - IQKeyboardManagerSwift (= 6.5.5)
  - Nimble (= 8.0.5)
  - Quick (= 2.2.0)

SPEC REPOS:
  https://github.com/CocoaPods/Specs.git:
    - Alamofire
    - AlamofireImage
    - CHTCollectionViewWaterfallLayout
    - FontAwesome.swift
    - IQKeyboardManagerSwift
    - Nimble
    - Quick

SPEC CHECKSUMS:
  Alamofire: df2f8f826963b08b9a870791ad48e07a10090b2e
  AlamofireImage: 3d1a2010519e58675318735580eb856e88840ff7
  CHTCollectionViewWaterfallLayout: 5f241d2480ab4939aa0d1ad4981de9eef1fbe60d
  FontAwesome.swift: 2a3235131a6caffc6b2ccba318e94d793b2fd342
  IQKeyboardManagerSwift: 0fb93310284665245591f50f7a5e38de615960b7
  Nimble: 4ab1aeb9b45553c75b9687196b0fa0713170a332
  Quick: 7fb19e13be07b5dfb3b90d4f9824c855a11af40e

PODFILE CHECKSUM: bfda0ec76e642686705b04813ac157d717bca070

COCOAPODS: 1.9.1
