// !$*UTF8*$!
{
	archiveVersion = 1;
	classes = {
	};
	objectVersion = 51;
	objects = {

/* Begin PBXBuildFile section */
		A10B52EB2025CEF4008EA3F9 /* UIRefreshControl+Utilities.swift in Sources */ = {isa = PBXBuildFile; fileRef = A10B52EA2025CEF4008EA3F9 /* UIRefreshControl+Utilities.swift */; };
		A10ECACE2025B91E0071B0E7 /* PhotoListCollectionViewCell.swift in Sources */ = {isa = PBXBuildFile; fileRef = A10ECACC2025B91E0071B0E7 /* PhotoListCollectionViewCell.swift */; };
		A10ECACF2025B91E0071B0E7 /* PhotoListCollectionViewCell.xib in Resources */ = {isa = PBXBuildFile; fileRef = A10ECACD2025B91E0071B0E7 /* PhotoListCollectionViewCell.xib */; };
		A123B3022024C58F0021673B /* AppDelegate.swift in Sources */ = {isa = PBXBuildFile; fileRef = A123B3012024C58F0021673B /* AppDelegate.swift */; };
		A123B3072024C58F0021673B /* Main.storyboard in Resources */ = {isa = PBXBuildFile; fileRef = A123B3052024C58F0021673B /* Main.storyboard */; };
		A123B3092024C5910021673B /* Assets.xcassets in Resources */ = {isa = PBXBuildFile; fileRef = A123B3082024C5910021673B /* Assets.xcassets */; };
		A123B30C2024C5910021673B /* LaunchScreen.storyboard in Resources */ = {isa = PBXBuildFile; fileRef = A123B30A2024C5910021673B /* LaunchScreen.storyboard */; };
		A17B12AC2166A62200CBEE0D /* FeedDownloader.swift in Sources */ = {isa = PBXBuildFile; fileRef = A17B12AB2166A62200CBEE0D /* FeedDownloader.swift */; };
		A17B12AE21678E5700CBEE0D /* AddPhotoViewController.swift in Sources */ = {isa = PBXBuildFile; fileRef = A17B12AD21678E5700CBEE0D /* AddPhotoViewController.swift */; };
		A17B12B02167902F00CBEE0D /* AddPhotoViewModel.swift in Sources */ = {isa = PBXBuildFile; fileRef = A17B12AF2167902F00CBEE0D /* AddPhotoViewModel.swift */; };
		A188867C202627EE00E0D654 /* UIRefreshControlUtilitiesTests.swift in Sources */ = {isa = PBXBuildFile; fileRef = A188867B202627EE00E0D654 /* UIRefreshControlUtilitiesTests.swift */; };
		A192916B202634D800D1A59F /* PhotoViewController.swift in Sources */ = {isa = PBXBuildFile; fileRef = A192916A202634D800D1A59F /* PhotoViewController.swift */; };
		A192916D20263E5800D1A59F /* AppCoordinatorTests.swift in Sources */ = {isa = PBXBuildFile; fileRef = A192916C20263E5800D1A59F /* AppCoordinatorTests.swift */; };
		A1B33CD62174BCEF00EF7BEE /* photos in Resources */ = {isa = PBXBuildFile; fileRef = A1B33CD52174BCEE00EF7BEE /* photos */; };
		A1C571F92024CDB400BFCFE3 /* Photo.swift in Sources */ = {isa = PBXBuildFile; fileRef = A1C571F82024CDB400BFCFE3 /* Photo.swift */; };
		A1C9C0A02024F3CF00ACDD84 /* AppCoordinator.swift in Sources */ = {isa = PBXBuildFile; fileRef = A1C9C09F2024F3CF00ACDD84 /* AppCoordinator.swift */; };
		A1C9C0A22024F58B00ACDD84 /* PhotoListViewController.swift in Sources */ = {isa = PBXBuildFile; fileRef = A1C9C0A12024F58B00ACDD84 /* PhotoListViewController.swift */; };
		A1C9C0A52024F64F00ACDD84 /* PhotoListViewModel.swift in Sources */ = {isa = PBXBuildFile; fileRef = A1C9C0A42024F64F00ACDD84 /* PhotoListViewModel.swift */; };
		A1E9FF5020261E8000AC8560 /* PhotoListViewModelTests.swift in Sources */ = {isa = PBXBuildFile; fileRef = A1E9FF4F20261E8000AC8560 /* PhotoListViewModelTests.swift */; };
		E35DDC1C9B00FC8B1BA71CD2 /* Pods_DogCommunity.framework in Frameworks */ = {isa = PBXBuildFile; fileRef = 807DA346332097F740395087 /* Pods_DogCommunity.framework */; };
		EC2F08744D37FF8860CBEEDE /* Pods_DogCommunityTests.framework in Frameworks */ = {isa = PBXBuildFile; fileRef = B50D77566272393DD594A07D /* Pods_DogCommunityTests.framework */; };
/* End PBXBuildFile section */

/* Begin PBXContainerItemProxy section */
		A123B3132024C5910021673B /* PBXContainerItemProxy */ = {
			isa = PBXContainerItemProxy;
			containerPortal = A123B2F62024C58F0021673B /* Project object */;
			proxyType = 1;
			remoteGlobalIDString = A123B2FD2024C58F0021673B;
			remoteInfo = DogCommunity;
		};
/* End PBXContainerItemProxy section */

/* Begin PBXFileReference section */
		226892F9DF453C1608C0F597 /* Pods-DogCommunity.debug.xcconfig */ = {isa = PBXFileReference; includeInIndex = 1; lastKnownFileType = text.xcconfig; name = "Pods-DogCommunity.debug.xcconfig"; path = "Pods/Target Support Files/Pods-DogCommunity/Pods-DogCommunity.debug.xcconfig"; sourceTree = "<group>"; };
		807DA346332097F740395087 /* Pods_DogCommunity.framework */ = {isa = PBXFileReference; explicitFileType = wrapper.framework; includeInIndex = 0; path = Pods_DogCommunity.framework; sourceTree = BUILT_PRODUCTS_DIR; };
		A10B52EA2025CEF4008EA3F9 /* UIRefreshControl+Utilities.swift */ = {isa = PBXFileReference; lastKnownFileType = sourcecode.swift; path = "UIRefreshControl+Utilities.swift"; sourceTree = "<group>"; };
		A10ECACC2025B91E0071B0E7 /* PhotoListCollectionViewCell.swift */ = {isa = PBXFileReference; lastKnownFileType = sourcecode.swift; path = PhotoListCollectionViewCell.swift; sourceTree = "<group>"; };
		A10ECACD2025B91E0071B0E7 /* PhotoListCollectionViewCell.xib */ = {isa = PBXFileReference; lastKnownFileType = file.xib; path = PhotoListCollectionViewCell.xib; sourceTree = "<group>"; };
		A123B2FE2024C58F0021673B /* DogCommunity.app */ = {isa = PBXFileReference; explicitFileType = wrapper.application; includeInIndex = 0; path = DogCommunity.app; sourceTree = BUILT_PRODUCTS_DIR; };
		A123B3012024C58F0021673B /* AppDelegate.swift */ = {isa = PBXFileReference; lastKnownFileType = sourcecode.swift; path = AppDelegate.swift; sourceTree = "<group>"; };
		A123B3062024C58F0021673B /* Base */ = {isa = PBXFileReference; lastKnownFileType = file.storyboard; name = Base; path = Base.lproj/Main.storyboard; sourceTree = "<group>"; };
		A123B3082024C5910021673B /* Assets.xcassets */ = {isa = PBXFileReference; lastKnownFileType = folder.assetcatalog; path = Assets.xcassets; sourceTree = "<group>"; };
		A123B30B2024C5910021673B /* Base */ = {isa = PBXFileReference; lastKnownFileType = file.storyboard; name = Base; path = Base.lproj/LaunchScreen.storyboard; sourceTree = "<group>"; };
		A123B30D2024C5910021673B /* Info.plist */ = {isa = PBXFileReference; lastKnownFileType = text.plist.xml; path = Info.plist; sourceTree = "<group>"; };
		A123B3122024C5910021673B /* DogCommunityTests.xctest */ = {isa = PBXFileReference; explicitFileType = wrapper.cfbundle; includeInIndex = 0; path = DogCommunityTests.xctest; sourceTree = BUILT_PRODUCTS_DIR; };
		A123B3182024C5910021673B /* Info.plist */ = {isa = PBXFileReference; lastKnownFileType = text.plist.xml; path = Info.plist; sourceTree = "<group>"; };
		A17B12AB2166A62200CBEE0D /* FeedDownloader.swift */ = {isa = PBXFileReference; fileEncoding = 4; lastKnownFileType = sourcecode.swift; path = FeedDownloader.swift; sourceTree = "<group>"; };
		A17B12AD21678E5700CBEE0D /* AddPhotoViewController.swift */ = {isa = PBXFileReference; lastKnownFileType = sourcecode.swift; path = AddPhotoViewController.swift; sourceTree = "<group>"; };
		A17B12AF2167902F00CBEE0D /* AddPhotoViewModel.swift */ = {isa = PBXFileReference; lastKnownFileType = sourcecode.swift; path = AddPhotoViewModel.swift; sourceTree = "<group>"; };
		A188867B202627EE00E0D654 /* UIRefreshControlUtilitiesTests.swift */ = {isa = PBXFileReference; lastKnownFileType = sourcecode.swift; path = UIRefreshControlUtilitiesTests.swift; sourceTree = "<group>"; };
		A192916A202634D800D1A59F /* PhotoViewController.swift */ = {isa = PBXFileReference; lastKnownFileType = sourcecode.swift; path = PhotoViewController.swift; sourceTree = "<group>"; };
		A192916C20263E5800D1A59F /* AppCoordinatorTests.swift */ = {isa = PBXFileReference; lastKnownFileType = sourcecode.swift; path = AppCoordinatorTests.swift; sourceTree = "<group>"; };
		A1B33CD52174BCEE00EF7BEE /* photos */ = {isa = PBXFileReference; lastKnownFileType = folder; path = photos; sourceTree = "<group>"; };
		A1C571F82024CDB400BFCFE3 /* Photo.swift */ = {isa = PBXFileReference; lastKnownFileType = sourcecode.swift; path = Photo.swift; sourceTree = "<group>"; };
		A1C9C09F2024F3CF00ACDD84 /* AppCoordinator.swift */ = {isa = PBXFileReference; lastKnownFileType = sourcecode.swift; path = AppCoordinator.swift; sourceTree = "<group>"; };
		A1C9C0A12024F58B00ACDD84 /* PhotoListViewController.swift */ = {isa = PBXFileReference; lastKnownFileType = sourcecode.swift; path = PhotoListViewController.swift; sourceTree = "<group>"; };
		A1C9C0A42024F64F00ACDD84 /* PhotoListViewModel.swift */ = {isa = PBXFileReference; lastKnownFileType = sourcecode.swift; path = PhotoListViewModel.swift; sourceTree = "<group>"; };
		A1E9FF4F20261E8000AC8560 /* PhotoListViewModelTests.swift */ = {isa = PBXFileReference; lastKnownFileType = sourcecode.swift; path = PhotoListViewModelTests.swift; sourceTree = "<group>"; };
		AC0FD64CAEF879E48D87E427 /* Pods-DogCommunityTests.debug.xcconfig */ = {isa = PBXFileReference; includeInIndex = 1; lastKnownFileType = text.xcconfig; name = "Pods-DogCommunityTests.debug.xcconfig"; path = "Pods/Target Support Files/Pods-DogCommunityTests/Pods-DogCommunityTests.debug.xcconfig"; sourceTree = "<group>"; };
		B50D77566272393DD594A07D /* Pods_DogCommunityTests.framework */ = {isa = PBXFileReference; explicitFileType = wrapper.framework; includeInIndex = 0; path = Pods_DogCommunityTests.framework; sourceTree = BUILT_PRODUCTS_DIR; };
		E3099D4E895D4513C251B37F /* Pods-DogCommunityTests.release.xcconfig */ = {isa = PBXFileReference; includeInIndex = 1; lastKnownFileType = text.xcconfig; name = "Pods-DogCommunityTests.release.xcconfig"; path = "Pods/Target Support Files/Pods-DogCommunityTests/Pods-DogCommunityTests.release.xcconfig"; sourceTree = "<group>"; };
		E3A019BCD114B95F6CC20026 /* Pods-DogCommunity.release.xcconfig */ = {isa = PBXFileReference; includeInIndex = 1; lastKnownFileType = text.xcconfig; name = "Pods-DogCommunity.release.xcconfig"; path = "Pods/Target Support Files/Pods-DogCommunity/Pods-DogCommunity.release.xcconfig"; sourceTree = "<group>"; };
/* End PBXFileReference section */

/* Begin PBXFrameworksBuildPhase section */
		A123B2FB2024C58F0021673B /* Frameworks */ = {
			isa = PBXFrameworksBuildPhase;
			buildActionMask = 2147483647;
			files = (
				E35DDC1C9B00FC8B1BA71CD2 /* Pods_DogCommunity.framework in Frameworks */,
			);
			runOnlyForDeploymentPostprocessing = 0;
		};
		A123B30F2024C5910021673B /* Frameworks */ = {
			isa = PBXFrameworksBuildPhase;
			buildActionMask = 2147483647;
			files = (
				EC2F08744D37FF8860CBEEDE /* Pods_DogCommunityTests.framework in Frameworks */,
			);
			runOnlyForDeploymentPostprocessing = 0;
		};
/* End PBXFrameworksBuildPhase section */

/* Begin PBXGroup section */
		0B8594BA1BB190C98CAD421D /* Pods */ = {
			isa = PBXGroup;
			children = (
				226892F9DF453C1608C0F597 /* Pods-DogCommunity.debug.xcconfig */,
				E3A019BCD114B95F6CC20026 /* Pods-DogCommunity.release.xcconfig */,
				AC0FD64CAEF879E48D87E427 /* Pods-DogCommunityTests.debug.xcconfig */,
				E3099D4E895D4513C251B37F /* Pods-DogCommunityTests.release.xcconfig */,
			);
			name = Pods;
			sourceTree = "<group>";
		};
		A10ECACB2025B7600071B0E7 /* Views */ = {
			isa = PBXGroup;
			children = (
				A10ECACC2025B91E0071B0E7 /* PhotoListCollectionViewCell.swift */,
				A10ECACD2025B91E0071B0E7 /* PhotoListCollectionViewCell.xib */,
				A10B52EA2025CEF4008EA3F9 /* UIRefreshControl+Utilities.swift */,
			);
			path = Views;
			sourceTree = "<group>";
		};
		A123B2F52024C58F0021673B = {
			isa = PBXGroup;
			children = (
				A123B3002024C58F0021673B /* DogCommunity */,
				A123B3152024C5910021673B /* DogCommunityTests */,
				A123B2FF2024C58F0021673B /* Products */,
				0B8594BA1BB190C98CAD421D /* Pods */,
				C33C713CD1B2E4921AD4B037 /* Frameworks */,
			);
			sourceTree = "<group>";
		};
		A123B2FF2024C58F0021673B /* Products */ = {
			isa = PBXGroup;
			children = (
				A123B2FE2024C58F0021673B /* DogCommunity.app */,
				A123B3122024C5910021673B /* DogCommunityTests.xctest */,
			);
			name = Products;
			sourceTree = "<group>";
		};
		A123B3002024C58F0021673B /* DogCommunity */ = {
			isa = PBXGroup;
			children = (
				A1C9C09E2024F2A700ACDD84 /* Controllers */,
				A1C571FC2024E04C00BFCFE3 /* Model */,
				A1C9C09C2024F22000ACDD84 /* Storyboards */,
				A1C9C09D2024F22900ACDD84 /* Supporting Files */,
				A1C9C0A32024F63E00ACDD84 /* ViewModel */,
				A10ECACB2025B7600071B0E7 /* Views */,
				A123B3012024C58F0021673B /* AppDelegate.swift */,
				A1C9C09F2024F3CF00ACDD84 /* AppCoordinator.swift */,
				A1B33CD52174BCEE00EF7BEE /* photos */,
				A123B3082024C5910021673B /* Assets.xcassets */,
			);
			path = DogCommunity;
			sourceTree = "<group>";
		};
		A123B3152024C5910021673B /* DogCommunityTests */ = {
			isa = PBXGroup;
			children = (
				A1C9C09A2024F1F300ACDD84 /* Supporting Files */,
				A1E9FF4F20261E8000AC8560 /* PhotoListViewModelTests.swift */,
				A188867B202627EE00E0D654 /* UIRefreshControlUtilitiesTests.swift */,
				A192916C20263E5800D1A59F /* AppCoordinatorTests.swift */,
			);
			path = DogCommunityTests;
			sourceTree = "<group>";
		};
		A1C571FC2024E04C00BFCFE3 /* Model */ = {
			isa = PBXGroup;
			children = (
				A1C571F82024CDB400BFCFE3 /* Photo.swift */,
				A17B12AB2166A62200CBEE0D /* FeedDownloader.swift */,
			);
			path = Model;
			sourceTree = "<group>";
		};
		A1C9C09A2024F1F300ACDD84 /* Supporting Files */ = {
			isa = PBXGroup;
			children = (
				A123B3182024C5910021673B /* Info.plist */,
			);
			path = "Supporting Files";
			sourceTree = "<group>";
		};
		A1C9C09C2024F22000ACDD84 /* Storyboards */ = {
			isa = PBXGroup;
			children = (
				A123B3052024C58F0021673B /* Main.storyboard */,
				A123B30A2024C5910021673B /* LaunchScreen.storyboard */,
			);
			path = Storyboards;
			sourceTree = "<group>";
		};
		A1C9C09D2024F22900ACDD84 /* Supporting Files */ = {
			isa = PBXGroup;
			children = (
				A123B30D2024C5910021673B /* Info.plist */,
			);
			path = "Supporting Files";
			sourceTree = "<group>";
		};
		A1C9C09E2024F2A700ACDD84 /* Controllers */ = {
			isa = PBXGroup;
			children = (
				A1C9C0A12024F58B00ACDD84 /* PhotoListViewController.swift */,
				A192916A202634D800D1A59F /* PhotoViewController.swift */,
				A17B12AD21678E5700CBEE0D /* AddPhotoViewController.swift */,
			);
			path = Controllers;
			sourceTree = "<group>";
		};
		A1C9C0A32024F63E00ACDD84 /* ViewModel */ = {
			isa = PBXGroup;
			children = (
				A1C9C0A42024F64F00ACDD84 /* PhotoListViewModel.swift */,
				A17B12AF2167902F00CBEE0D /* AddPhotoViewModel.swift */,
			);
			path = ViewModel;
			sourceTree = "<group>";
		};
		C33C713CD1B2E4921AD4B037 /* Frameworks */ = {
			isa = PBXGroup;
			children = (
				807DA346332097F740395087 /* Pods_DogCommunity.framework */,
				B50D77566272393DD594A07D /* Pods_DogCommunityTests.framework */,
			);
			name = Frameworks;
			sourceTree = "<group>";
		};
/* End PBXGroup section */

/* Begin PBXNativeTarget section */
		A123B2FD2024C58F0021673B /* DogCommunity */ = {
			isa = PBXNativeTarget;
			buildConfigurationList = A123B31B2024C5910021673B /* Build configuration list for PBXNativeTarget "DogCommunity" */;
			buildPhases = (
				BDD7C13B789C6AC066CF0EA3 /* [CP] Check Pods Manifest.lock */,
				A123B2FA2024C58F0021673B /* Sources */,
				A123B2FB2024C58F0021673B /* Frameworks */,
				A123B2FC2024C58F0021673B /* Resources */,
				8BB5D8DF4DDA0DA9A79BC81B /* [CP] Embed Pods Frameworks */,
			);
			buildRules = (
			);
			dependencies = (
			);
			name = DogCommunity;
			productName = DogCommunity;
			productReference = A123B2FE2024C58F0021673B /* DogCommunity.app */;
			productType = "com.apple.product-type.application";
		};
		A123B3112024C5910021673B /* DogCommunityTests */ = {
			isa = PBXNativeTarget;
			buildConfigurationList = A123B31E2024C5910021673B /* Build configuration list for PBXNativeTarget "DogCommunityTests" */;
			buildPhases = (
				5C231239520D5CADA4F1DA84 /* [CP] Check Pods Manifest.lock */,
				A123B30E2024C5910021673B /* Sources */,
				A123B30F2024C5910021673B /* Frameworks */,
				A123B3102024C5910021673B /* Resources */,
				9FFCCBE1B61FCF2358C9A22A /* [CP] Embed Pods Frameworks */,
			);
			buildRules = (
			);
			dependencies = (
				A123B3142024C5910021673B /* PBXTargetDependency */,
			);
			name = DogCommunityTests;
			productName = DogCommunityTests;
			productReference = A123B3122024C5910021673B /* DogCommunityTests.xctest */;
			productType = "com.apple.product-type.bundle.unit-test";
		};
/* End PBXNativeTarget section */

/* Begin PBXProject section */
		A123B2F62024C58F0021673B /* Project object */ = {
			isa = PBXProject;
			attributes = {
				LastSwiftUpdateCheck = 0930;
				LastUpgradeCheck = 1000;
				ORGANIZATIONNAME = "Piotr Tobolski";
				TargetAttributes = {
					A123B2FD2024C58F0021673B = {
						CreatedOnToolsVersion = 9.3;
					};
					A123B3112024C5910021673B = {
						CreatedOnToolsVersion = 9.3;
						TestTargetID = A123B2FD2024C58F0021673B;
					};
				};
			};
			buildConfigurationList = A123B2F92024C58F0021673B /* Build configuration list for PBXProject "DogCommunity" */;
			compatibilityVersion = "Xcode 10.0";
			developmentRegion = en;
			hasScannedForEncodings = 0;
			knownRegions = (
				en,
				Base,
			);
			mainGroup = A123B2F52024C58F0021673B;
			productRefGroup = A123B2FF2024C58F0021673B /* Products */;
			projectDirPath = "";
			projectRoot = "";
			targets = (
				A123B2FD2024C58F0021673B /* DogCommunity */,
				A123B3112024C5910021673B /* DogCommunityTests */,
			);
		};
/* End PBXProject section */

/* Begin PBXResourcesBuildPhase section */
		A123B2FC2024C58F0021673B /* Resources */ = {
			isa = PBXResourcesBuildPhase;
			buildActionMask = 2147483647;
			files = (
				A1B33CD62174BCEF00EF7BEE /* photos in Resources */,
				A123B30C2024C5910021673B /* LaunchScreen.storyboard in Resources */,
				A10ECACF2025B91E0071B0E7 /* PhotoListCollectionViewCell.xib in Resources */,
				A123B3092024C5910021673B /* Assets.xcassets in Resources */,
				A123B3072024C58F0021673B /* Main.storyboard in Resources */,
			);
			runOnlyForDeploymentPostprocessing = 0;
		};
		A123B3102024C5910021673B /* Resources */ = {
			isa = PBXResourcesBuildPhase;
			buildActionMask = 2147483647;
			files = (
			);
			runOnlyForDeploymentPostprocessing = 0;
		};
/* End PBXResourcesBuildPhase section */

/* Begin PBXShellScriptBuildPhase section */
		5C231239520D5CADA4F1DA84 /* [CP] Check Pods Manifest.lock */ = {
			isa = PBXShellScriptBuildPhase;
			buildActionMask = 2147483647;
			files = (
			);
			inputPaths = (
				"${PODS_PODFILE_DIR_PATH}/Podfile.lock",
				"${PODS_ROOT}/Manifest.lock",
			);
			name = "[CP] Check Pods Manifest.lock";
			outputPaths = (
				"$(DERIVED_FILE_DIR)/Pods-DogCommunityTests-checkManifestLockResult.txt",
			);
			runOnlyForDeploymentPostprocessing = 0;
			shellPath = /bin/sh;
			shellScript = "diff \"${PODS_PODFILE_DIR_PATH}/Podfile.lock\" \"${PODS_ROOT}/Manifest.lock\" > /dev/null\nif [ $? != 0 ] ; then\n    # print error to STDERR\n    echo \"error: The sandbox is not in sync with the Podfile.lock. Run 'pod install' or update your CocoaPods installation.\" >&2\n    exit 1\nfi\n# This output is used by Xcode 'outputs' to avoid re-running this script phase.\necho \"SUCCESS\" > \"${SCRIPT_OUTPUT_FILE_0}\"\n";
			showEnvVarsInLog = 0;
		};
		8BB5D8DF4DDA0DA9A79BC81B /* [CP] Embed Pods Frameworks */ = {
			isa = PBXShellScriptBuildPhase;
			buildActionMask = 2147483647;
			files = (
			);
			inputFileListPaths = (
				"${PODS_ROOT}/Target Support Files/Pods-DogCommunity/Pods-DogCommunity-frameworks-${CONFIGURATION}-input-files.xcfilelist",
			);
			name = "[CP] Embed Pods Frameworks";
			outputFileListPaths = (
				"${PODS_ROOT}/Target Support Files/Pods-DogCommunity/Pods-DogCommunity-frameworks-${CONFIGURATION}-output-files.xcfilelist",
			);
			runOnlyForDeploymentPostprocessing = 0;
			shellPath = /bin/sh;
			shellScript = "\"${PODS_ROOT}/Target Support Files/Pods-DogCommunity/Pods-DogCommunity-frameworks.sh\"\n";
			showEnvVarsInLog = 0;
		};
		9FFCCBE1B61FCF2358C9A22A /* [CP] Embed Pods Frameworks */ = {
			isa = PBXShellScriptBuildPhase;
			buildActionMask = 2147483647;
			files = (
			);
			inputFileListPaths = (
				"${PODS_ROOT}/Target Support Files/Pods-DogCommunityTests/Pods-DogCommunityTests-frameworks-${CONFIGURATION}-input-files.xcfilelist",
			);
			name = "[CP] Embed Pods Frameworks";
			outputFileListPaths = (
				"${PODS_ROOT}/Target Support Files/Pods-DogCommunityTests/Pods-DogCommunityTests-frameworks-${CONFIGURATION}-output-files.xcfilelist",
			);
			runOnlyForDeploymentPostprocessing = 0;
			shellPath = /bin/sh;
			shellScript = "\"${PODS_ROOT}/Target Support Files/Pods-DogCommunityTests/Pods-DogCommunityTests-frameworks.sh\"\n";
			showEnvVarsInLog = 0;
		};
		BDD7C13B789C6AC066CF0EA3 /* [CP] Check Pods Manifest.lock */ = {
			isa = PBXShellScriptBuildPhase;
			buildActionMask = 2147483647;
			files = (
			);
			inputPaths = (
				"${PODS_PODFILE_DIR_PATH}/Podfile.lock",
				"${PODS_ROOT}/Manifest.lock",
			);
			name = "[CP] Check Pods Manifest.lock";
			outputPaths = (
				"$(DERIVED_FILE_DIR)/Pods-DogCommunity-checkManifestLockResult.txt",
			);
			runOnlyForDeploymentPostprocessing = 0;
			shellPath = /bin/sh;
			shellScript = "diff \"${PODS_PODFILE_DIR_PATH}/Podfile.lock\" \"${PODS_ROOT}/Manifest.lock\" > /dev/null\nif [ $? != 0 ] ; then\n    # print error to STDERR\n    echo \"error: The sandbox is not in sync with the Podfile.lock. Run 'pod install' or update your CocoaPods installation.\" >&2\n    exit 1\nfi\n# This output is used by Xcode 'outputs' to avoid re-running this script phase.\necho \"SUCCESS\" > \"${SCRIPT_OUTPUT_FILE_0}\"\n";
			showEnvVarsInLog = 0;
		};
/* End PBXShellScriptBuildPhase section */

/* Begin PBXSourcesBuildPhase section */
		A123B2FA2024C58F0021673B /* Sources */ = {
			isa = PBXSourcesBuildPhase;
			buildActionMask = 2147483647;
			files = (
				A1C9C0A02024F3CF00ACDD84 /* AppCoordinator.swift in Sources */,
				A10B52EB2025CEF4008EA3F9 /* UIRefreshControl+Utilities.swift in Sources */,
				A1C571F92024CDB400BFCFE3 /* Photo.swift in Sources */,
				A10ECACE2025B91E0071B0E7 /* PhotoListCollectionViewCell.swift in Sources */,
				A17B12B02167902F00CBEE0D /* AddPhotoViewModel.swift in Sources */,
				A1C9C0A22024F58B00ACDD84 /* PhotoListViewController.swift in Sources */,
				A17B12AC2166A62200CBEE0D /* FeedDownloader.swift in Sources */,
				A123B3022024C58F0021673B /* AppDelegate.swift in Sources */,
				A17B12AE21678E5700CBEE0D /* AddPhotoViewController.swift in Sources */,
				A1C9C0A52024F64F00ACDD84 /* PhotoListViewModel.swift in Sources */,
				A192916B202634D800D1A59F /* PhotoViewController.swift in Sources */,
			);
			runOnlyForDeploymentPostprocessing = 0;
		};
		A123B30E2024C5910021673B /* Sources */ = {
			isa = PBXSourcesBuildPhase;
			buildActionMask = 2147483647;
			files = (
				A188867C202627EE00E0D654 /* UIRefreshControlUtilitiesTests.swift in Sources */,
				A1E9FF5020261E8000AC8560 /* PhotoListViewModelTests.swift in Sources */,
				A192916D20263E5800D1A59F /* AppCoordinatorTests.swift in Sources */,
			);
			runOnlyForDeploymentPostprocessing = 0;
		};
/* End PBXSourcesBuildPhase section */

/* Begin PBXTargetDependency section */
		A123B3142024C5910021673B /* PBXTargetDependency */ = {
			isa = PBXTargetDependency;
			target = A123B2FD2024C58F0021673B /* DogCommunity */;
			targetProxy = A123B3132024C5910021673B /* PBXContainerItemProxy */;
		};
/* End PBXTargetDependency section */

/* Begin PBXVariantGroup section */
		A123B3052024C58F0021673B /* Main.storyboard */ = {
			isa = PBXVariantGroup;
			children = (
				A123B3062024C58F0021673B /* Base */,
			);
			name = Main.storyboard;
			sourceTree = "<group>";
		};
		A123B30A2024C5910021673B /* LaunchScreen.storyboard */ = {
			isa = PBXVariantGroup;
			children = (
				A123B30B2024C5910021673B /* Base */,
			);
			name = LaunchScreen.storyboard;
			sourceTree = "<group>";
		};
/* End PBXVariantGroup section */

/* Begin XCBuildConfiguration section */
		A123B3192024C5910021673B /* Debug */ = {
			isa = XCBuildConfiguration;
			buildSettings = {
				ALWAYS_SEARCH_USER_PATHS = NO;
				CLANG_ANALYZER_NONNULL = YES;
				CLANG_ANALYZER_NUMBER_OBJECT_CONVERSION = YES_AGGRESSIVE;
				CLANG_CXX_LANGUAGE_STANDARD = "gnu++14";
				CLANG_CXX_LIBRARY = "libc++";
				CLANG_ENABLE_MODULES = YES;
				CLANG_ENABLE_OBJC_ARC = YES;
				CLANG_ENABLE_OBJC_WEAK = YES;
				CLANG_WARN_BLOCK_CAPTURE_AUTORELEASING = YES;
				CLANG_WARN_BOOL_CONVERSION = YES;
				CLANG_WARN_COMMA = YES;
				CLANG_WARN_CONSTANT_CONVERSION = YES;
				CLANG_WARN_DEPRECATED_OBJC_IMPLEMENTATIONS = YES;
				CLANG_WARN_DIRECT_OBJC_ISA_USAGE = YES_ERROR;
				CLANG_WARN_DOCUMENTATION_COMMENTS = YES;
				CLANG_WARN_EMPTY_BODY = YES;
				CLANG_WARN_ENUM_CONVERSION = YES;
				CLANG_WARN_INFINITE_RECURSION = YES;
				CLANG_WARN_INT_CONVERSION = YES;
				CLANG_WARN_NON_LITERAL_NULL_CONVERSION = YES;
				CLANG_WARN_OBJC_IMPLICIT_RETAIN_SELF = YES;
				CLANG_WARN_OBJC_LITERAL_CONVERSION = YES;
				CLANG_WARN_OBJC_ROOT_CLASS = YES_ERROR;
				CLANG_WARN_RANGE_LOOP_ANALYSIS = YES;
				CLANG_WARN_STRICT_PROTOTYPES = YES;
				CLANG_WARN_SUSPICIOUS_MOVE = YES;
				CLANG_WARN_UNGUARDED_AVAILABILITY = YES_AGGRESSIVE;
				CLANG_WARN_UNREACHABLE_CODE = YES;
				CLANG_WARN__DUPLICATE_METHOD_MATCH = YES;
				CODE_SIGN_IDENTITY = "iPhone Developer";
				COPY_PHASE_STRIP = NO;
				DEBUG_INFORMATION_FORMAT = dwarf;
				ENABLE_STRICT_OBJC_MSGSEND = YES;
				ENABLE_TESTABILITY = YES;
				GCC_C_LANGUAGE_STANDARD = gnu11;
				GCC_DYNAMIC_NO_PIC = NO;
				GCC_NO_COMMON_BLOCKS = YES;
				GCC_OPTIMIZATION_LEVEL = 0;
				GCC_PREPROCESSOR_DEFINITIONS = (
					"DEBUG=1",
					"$(inherited)",
				);
				GCC_WARN_64_TO_32_BIT_CONVERSION = YES;
				GCC_WARN_ABOUT_RETURN_TYPE = YES_ERROR;
				GCC_WARN_UNDECLARED_SELECTOR = YES;
				GCC_WARN_UNINITIALIZED_AUTOS = YES_AGGRESSIVE;
				GCC_WARN_UNUSED_FUNCTION = YES;
				GCC_WARN_UNUSED_VARIABLE = YES;
				IPHONEOS_DEPLOYMENT_TARGET = 12.0;
				MTL_ENABLE_DEBUG_INFO = YES;
				ONLY_ACTIVE_ARCH = YES;
				SDKROOT = iphoneos;
				SWIFT_ACTIVE_COMPILATION_CONDITIONS = DEBUG;
				SWIFT_OPTIMIZATION_LEVEL = "-Onone";
				SWIFT_VERSION = 4.2;
			};
			name = Debug;
		};
		A123B31A2024C5910021673B /* Release */ = {
			isa = XCBuildConfiguration;
			buildSettings = {
				ALWAYS_SEARCH_USER_PATHS = NO;
				CLANG_ANALYZER_NONNULL = YES;
				CLANG_ANALYZER_NUMBER_OBJECT_CONVERSION = YES_AGGRESSIVE;
				CLANG_CXX_LANGUAGE_STANDARD = "gnu++14";
				CLANG_CXX_LIBRARY = "libc++";
				CLANG_ENABLE_MODULES = YES;
				CLANG_ENABLE_OBJC_ARC = YES;
				CLANG_ENABLE_OBJC_WEAK = YES;
				CLANG_WARN_BLOCK_CAPTURE_AUTORELEASING = YES;
				CLANG_WARN_BOOL_CONVERSION = YES;
				CLANG_WARN_COMMA = YES;
				CLANG_WARN_CONSTANT_CONVERSION = YES;
				CLANG_WARN_DEPRECATED_OBJC_IMPLEMENTATIONS = YES;
				CLANG_WARN_DIRECT_OBJC_ISA_USAGE = YES_ERROR;
				CLANG_WARN_DOCUMENTATION_COMMENTS = YES;
				CLANG_WARN_EMPTY_BODY = YES;
				CLANG_WARN_ENUM_CONVERSION = YES;
				CLANG_WARN_INFINITE_RECURSION = YES;
				CLANG_WARN_INT_CONVERSION = YES;
				CLANG_WARN_NON_LITERAL_NULL_CONVERSION = YES;
				CLANG_WARN_OBJC_IMPLICIT_RETAIN_SELF = YES;
				CLANG_WARN_OBJC_LITERAL_CONVERSION = YES;
				CLANG_WARN_OBJC_ROOT_CLASS = YES_ERROR;
				CLANG_WARN_RANGE_LOOP_ANALYSIS = YES;
				CLANG_WARN_STRICT_PROTOTYPES = YES;
				CLANG_WARN_SUSPICIOUS_MOVE = YES;
				CLANG_WARN_UNGUARDED_AVAILABILITY = YES_AGGRESSIVE;
				CLANG_WARN_UNREACHABLE_CODE = YES;
				CLANG_WARN__DUPLICATE_METHOD_MATCH = YES;
				CODE_SIGN_IDENTITY = "iPhone Developer";
				COPY_PHASE_STRIP = NO;
				DEBUG_INFORMATION_FORMAT = "dwarf-with-dsym";
				ENABLE_NS_ASSERTIONS = NO;
				ENABLE_STRICT_OBJC_MSGSEND = YES;
				GCC_C_LANGUAGE_STANDARD = gnu11;
				GCC_NO_COMMON_BLOCKS = YES;
				GCC_WARN_64_TO_32_BIT_CONVERSION = YES;
				GCC_WARN_ABOUT_RETURN_TYPE = YES_ERROR;
				GCC_WARN_UNDECLARED_SELECTOR = YES;
				GCC_WARN_UNINITIALIZED_AUTOS = YES_AGGRESSIVE;
				GCC_WARN_UNUSED_FUNCTION = YES;
				GCC_WARN_UNUSED_VARIABLE = YES;
				IPHONEOS_DEPLOYMENT_TARGET = 12.0;
				MTL_ENABLE_DEBUG_INFO = NO;
				SDKROOT = iphoneos;
				SWIFT_COMPILATION_MODE = wholemodule;
				SWIFT_OPTIMIZATION_LEVEL = "-Owholemodule";
				SWIFT_VERSION = 4.2;
				VALIDATE_PRODUCT = YES;
			};
			name = Release;
		};
		A123B31C2024C5910021673B /* Debug */ = {
			isa = XCBuildConfiguration;
			baseConfigurationReference = 226892F9DF453C1608C0F597 /* Pods-DogCommunity.debug.xcconfig */;
			buildSettings = {
				ASSETCATALOG_COMPILER_APPICON_NAME = AppIcon;
				CODE_SIGN_STYLE = Automatic;
				DEVELOPMENT_TEAM = XGF48625R4;
				INFOPLIST_FILE = "DogCommunity/Supporting Files/Info.plist";
				IPHONEOS_DEPLOYMENT_TARGET = 12.0;
				LD_RUNPATH_SEARCH_PATHS = (
					"$(inherited)",
					"@executable_path/Frameworks",
				);
				PRODUCT_BUNDLE_IDENTIFIER = com.piotrtobolski.DogCommunity;
				PRODUCT_NAME = "$(TARGET_NAME)";
				TARGETED_DEVICE_FAMILY = "1,2";
			};
			name = Debug;
		};
		A123B31D2024C5910021673B /* Release */ = {
			isa = XCBuildConfiguration;
			baseConfigurationReference = E3A019BCD114B95F6CC20026 /* Pods-DogCommunity.release.xcconfig */;
			buildSettings = {
				ASSETCATALOG_COMPILER_APPICON_NAME = AppIcon;
				CODE_SIGN_STYLE = Automatic;
				DEVELOPMENT_TEAM = XGF48625R4;
				INFOPLIST_FILE = "DogCommunity/Supporting Files/Info.plist";
				IPHONEOS_DEPLOYMENT_TARGET = 12.0;
				LD_RUNPATH_SEARCH_PATHS = (
					"$(inherited)",
					"@executable_path/Frameworks",
				);
				PRODUCT_BUNDLE_IDENTIFIER = com.piotrtobolski.DogCommunity;
				PRODUCT_NAME = "$(TARGET_NAME)";
				TARGETED_DEVICE_FAMILY = "1,2";
			};
			name = Release;
		};
		A123B31F2024C5910021673B /* Debug */ = {
			isa = XCBuildConfiguration;
			baseConfigurationReference = AC0FD64CAEF879E48D87E427 /* Pods-DogCommunityTests.debug.xcconfig */;
			buildSettings = {
				BUNDLE_LOADER = "$(TEST_HOST)";
				CODE_SIGN_STYLE = Automatic;
				DEVELOPMENT_TEAM = XGF48625R4;
				INFOPLIST_FILE = "DogCommunityTests/Supporting Files/Info.plist";
				LD_RUNPATH_SEARCH_PATHS = (
					"$(inherited)",
					"@executable_path/Frameworks",
					"@loader_path/Frameworks",
				);
				PRODUCT_BUNDLE_IDENTIFIER = com.piotrtobolski.DogCommunityTests;
				PRODUCT_NAME = "$(TARGET_NAME)";
				TARGETED_DEVICE_FAMILY = "1,2";
				TEST_HOST = "$(BUILT_PRODUCTS_DIR)/DogCommunity.app/DogCommunity";
			};
			name = Debug;
		};
		A123B3202024C5910021673B /* Release */ = {
			isa = XCBuildConfiguration;
			baseConfigurationReference = E3099D4E895D4513C251B37F /* Pods-DogCommunityTests.release.xcconfig */;
			buildSettings = {
				BUNDLE_LOADER = "$(TEST_HOST)";
				CODE_SIGN_STYLE = Automatic;
				DEVELOPMENT_TEAM = XGF48625R4;
				INFOPLIST_FILE = "DogCommunityTests/Supporting Files/Info.plist";
				LD_RUNPATH_SEARCH_PATHS = (
					"$(inherited)",
					"@executable_path/Frameworks",
					"@loader_path/Frameworks",
				);
				PRODUCT_BUNDLE_IDENTIFIER = com.piotrtobolski.DogCommunityTests;
				PRODUCT_NAME = "$(TARGET_NAME)";
				TARGETED_DEVICE_FAMILY = "1,2";
				TEST_HOST = "$(BUILT_PRODUCTS_DIR)/DogCommunity.app/DogCommunity";
			};
			name = Release;
		};
/* End XCBuildConfiguration section */

/* Begin XCConfigurationList section */
		A123B2F92024C58F0021673B /* Build configuration list for PBXProject "DogCommunity" */ = {
			isa = XCConfigurationList;
			buildConfigurations = (
				A123B3192024C5910021673B /* Debug */,
				A123B31A2024C5910021673B /* Release */,
			);
			defaultConfigurationIsVisible = 0;
			defaultConfigurationName = Release;
		};
		A123B31B2024C5910021673B /* Build configuration list for PBXNativeTarget "DogCommunity" */ = {
			isa = XCConfigurationList;
			buildConfigurations = (
				A123B31C2024C5910021673B /* Debug */,
				A123B31D2024C5910021673B /* Release */,
			);
			defaultConfigurationIsVisible = 0;
			defaultConfigurationName = Release;
		};
		A123B31E2024C5910021673B /* Build configuration list for PBXNativeTarget "DogCommunityTests" */ = {
			isa = XCConfigurationList;
			buildConfigurations = (
				A123B31F2024C5910021673B /* Debug */,
				A123B3202024C5910021673B /* Release */,
			);
			defaultConfigurationIsVisible = 0;
			defaultConfigurationName = Release;
		};
/* End XCConfigurationList section */
	};
	rootObject = A123B2F62024C58F0021673B /* Project object */;
}
